
Microsoft Visual Studio Solution File, Format Version 12.00
# Visual Studio Version 16
VisualStudioVersion = 16.0.30104.148
MinimumVisualStudioVersion = 10.0.40219.1
Project("{FAE04EC0-301F-11D3-BF4B-00C04F79EFBC}") = "proj_reader", "proj_reader\proj_reader.csproj", "{F8491C3A-1C46-4D98-B435-7048893758FA}"
EndProject
Global
	GlobalSection(SolutionConfigurationPlatforms) = preSolution
		Debug|Any CPU = Debug|Any CPU
		Release|Any CPU = Release|Any CPU
	EndGlobalSection
	GlobalSection(ProjectConfigurationPlatforms) = postSolution
		{F8491C3A-1C46-4D98-B435-7048893758FA}.Debug|Any CPU.ActiveCfg = Debug|Any CPU
		{F8491C3A-1C46-4D98-B435-7048893758FA}.Debug|Any CPU.Build.0 = Debug|Any CPU
		{F8491C3A-1C46-4D98-B435-7048893758FA}.Release|Any CPU.ActiveCfg = Release|Any CPU
		{F8491C3A-1C46-4D98-B435-7048893758FA}.Release|Any CPU.Build.0 = Release|Any CPU
	EndGlobalSection
	GlobalSection(SolutionProperties) = preSolution
		HideSolutionNode = FALSE
	EndGlobalSection
	GlobalSection(ExtensibilityGlobals) = postSolution
		SolutionGuid = {3E444B37-9A3E-4426-90D9-D409068641DE}
	EndGlobalSection
EndGlobal
